// !$*UTF8*$!
{
	archiveVersion = 1;
	classes = {
	};
	objectVersion = 50;
	objects = {

/* Begin PBXBuildFile section */
		A03974D52605B6EF0005B555 /* AppDelegate.swift in Sources */ = {isa = PBXBuildFile; fileRef = A03974D42605B6EF0005B555 /* AppDelegate.swift */; };
		A03974D72605B6EF0005B555 /* SceneDelegate.swift in Sources */ = {isa = PBXBuildFile; fileRef = A03974D62605B6EF0005B555 /* SceneDelegate.swift */; };
		A03974D92605B6EF0005B555 /* HomeViewController.swift in Sources */ = {isa = PBXBuildFile; fileRef = A03974D82605B6EF0005B555 /* HomeViewController.swift */; };
		A03974DC2605B6EF0005B555 /* Main.storyboard in Resources */ = {isa = PBXBuildFile; fileRef = A03974DA2605B6EF0005B555 /* Main.storyboard */; };
		A03974DE2605B6F10005B555 /* Assets.xcassets in Resources */ = {isa = PBXBuildFile; fileRef = A03974DD2605B6F10005B555 /* Assets.xcassets */; };
		A03974E12605B6F10005B555 /* LaunchScreen.storyboard in Resources */ = {isa = PBXBuildFile; fileRef = A03974DF2605B6F10005B555 /* LaunchScreen.storyboard */; };
		A03974EC2605B6F10005B555 /* ifluxUITests.swift in Sources */ = {isa = PBXBuildFile; fileRef = A03974EB2605B6F10005B555 /* ifluxUITests.swift */; };
		A03974FB2605BECD0005B555 /* BalancesCollectionViewCell.swift in Sources */ = {isa = PBXBuildFile; fileRef = A03974FA2605BECD0005B555 /* BalancesCollectionViewCell.swift */; };
		A03974FE2605C0F90005B555 /* Wallet.swift in Sources */ = {isa = PBXBuildFile; fileRef = A03974FD2605C0F90005B555 /* Wallet.swift */; };
		A045C40A260609B300C024AB /* TransactionsTableViewCell.swift in Sources */ = {isa = PBXBuildFile; fileRef = A045C409260609B300C024AB /* TransactionsTableViewCell.swift */; };
		A045C40C26060F3500C024AB /* Transactions.swift in Sources */ = {isa = PBXBuildFile; fileRef = A045C40B26060F3500C024AB /* Transactions.swift */; };
		A045C40E26061D1600C024AB /* WalletsViewController.swift in Sources */ = {isa = PBXBuildFile; fileRef = A045C40D26061D1600C024AB /* WalletsViewController.swift */; };
		A045C4112606277800C024AB /* CryptoWallet.swift in Sources */ = {isa = PBXBuildFile; fileRef = A045C4102606277800C024AB /* CryptoWallet.swift */; };
		A045C413260628E900C024AB /* CryptoWalletsTableViewCell.swift in Sources */ = {isa = PBXBuildFile; fileRef = A045C412260628E900C024AB /* CryptoWalletsTableViewCell.swift */; };
		A0C0415A2605E24F00A1C86E /* UIColor.swift in Sources */ = {isa = PBXBuildFile; fileRef = A0C041592605E24F00A1C86E /* UIColor.swift */; };
		A0C0415C2605F43100A1C86E /* UIView+Layer.swift in Sources */ = {isa = PBXBuildFile; fileRef = A0C0415B2605F43100A1C86E /* UIView+Layer.swift */; };
		A0C0415E2605F48600A1C86E /* Services.swift in Sources */ = {isa = PBXBuildFile; fileRef = A0C0415D2605F48600A1C86E /* Services.swift */; };
		A0C041602605F52F00A1C86E /* ServicesCollectionViewCell.swift in Sources */ = {isa = PBXBuildFile; fileRef = A0C0415F2605F52F00A1C86E /* ServicesCollectionViewCell.swift */; };
/* End PBXBuildFile section */

/* Begin PBXContainerItemProxy section */
		A03974E82605B6F10005B555 /* PBXContainerItemProxy */ = {
			isa = PBXContainerItemProxy;
			containerPortal = A03974C92605B6EF0005B555 /* Project object */;
			proxyType = 1;
			remoteGlobalIDString = A03974D02605B6EF0005B555;
			remoteInfo = iflux;
		};
/* End PBXContainerItemProxy section */

/* Begin PBXFileReference section */
		A03974D12605B6EF0005B555 /* iflux.app */ = {isa = PBXFileReference; explicitFileType = wrapper.application; includeInIndex = 0; path = iflux.app; sourceTree = BUILT_PRODUCTS_DIR; };
		A03974D42605B6EF0005B555 /* AppDelegate.swift */ = {isa = PBXFileReference; lastKnownFileType = sourcecode.swift; path = AppDelegate.swift; sourceTree = "<group>"; };
		A03974D62605B6EF0005B555 /* SceneDelegate.swift */ = {isa = PBXFileReference; lastKnownFileType = sourcecode.swift; path = SceneDelegate.swift; sourceTree = "<group>"; };
		A03974D82605B6EF0005B555 /* HomeViewController.swift */ = {isa = PBXFileReference; lastKnownFileType = sourcecode.swift; path = HomeViewController.swift; sourceTree = "<group>"; };
		A03974DB2605B6EF0005B555 /* Base */ = {isa = PBXFileReference; lastKnownFileType = file.storyboard; name = Base; path = Base.lproj/Main.storyboard; sourceTree = "<group>"; };
		A03974DD2605B6F10005B555 /* Assets.xcassets */ = {isa = PBXFileReference; lastKnownFileType = folder.assetcatalog; path = Assets.xcassets; sourceTree = "<group>"; };
		A03974E02605B6F10005B555 /* Base */ = {isa = PBXFileReference; lastKnownFileType = file.storyboard; name = Base; path = Base.lproj/LaunchScreen.storyboard; sourceTree = "<group>"; };
		A03974E22605B6F10005B555 /* Info.plist */ = {isa = PBXFileReference; lastKnownFileType = text.plist.xml; path = Info.plist; sourceTree = "<group>"; };
		A03974E72605B6F10005B555 /* ifluxUITests.xctest */ = {isa = PBXFileReference; explicitFileType = wrapper.cfbundle; includeInIndex = 0; path = ifluxUITests.xctest; sourceTree = BUILT_PRODUCTS_DIR; };
		A03974EB2605B6F10005B555 /* ifluxUITests.swift */ = {isa = PBXFileReference; lastKnownFileType = sourcecode.swift; path = ifluxUITests.swift; sourceTree = "<group>"; };
		A03974ED2605B6F10005B555 /* Info.plist */ = {isa = PBXFileReference; lastKnownFileType = text.plist.xml; path = Info.plist; sourceTree = "<group>"; };
		A03974FA2605BECD0005B555 /* BalancesCollectionViewCell.swift */ = {isa = PBXFileReference; lastKnownFileType = sourcecode.swift; path = BalancesCollectionViewCell.swift; sourceTree = "<group>"; };
		A03974FD2605C0F90005B555 /* Wallet.swift */ = {isa = PBXFileReference; lastKnownFileType = sourcecode.swift; path = Wallet.swift; sourceTree = "<group>"; };
		A045C409260609B300C024AB /* TransactionsTableViewCell.swift */ = {isa = PBXFileReference; lastKnownFileType = sourcecode.swift; path = TransactionsTableViewCell.swift; sourceTree = "<group>"; };
		A045C40B26060F3500C024AB /* Transactions.swift */ = {isa = PBXFileReference; lastKnownFileType = sourcecode.swift; path = Transactions.swift; sourceTree = "<group>"; };
		A045C40D26061D1600C024AB /* WalletsViewController.swift */ = {isa = PBXFileReference; lastKnownFileType = sourcecode.swift; path = WalletsViewController.swift; sourceTree = "<group>"; };
		A045C4102606277800C024AB /* CryptoWallet.swift */ = {isa = PBXFileReference; lastKnownFileType = sourcecode.swift; path = CryptoWallet.swift; sourceTree = "<group>"; };
		A045C412260628E900C024AB /* CryptoWalletsTableViewCell.swift */ = {isa = PBXFileReference; lastKnownFileType = sourcecode.swift; path = CryptoWalletsTableViewCell.swift; sourceTree = "<group>"; };
		A0C041592605E24F00A1C86E /* UIColor.swift */ = {isa = PBXFileReference; lastKnownFileType = sourcecode.swift; path = UIColor.swift; sourceTree = "<group>"; };
		A0C0415B2605F43100A1C86E /* UIView+Layer.swift */ = {isa = PBXFileReference; lastKnownFileType = sourcecode.swift; path = "UIView+Layer.swift"; sourceTree = "<group>"; };
		A0C0415D2605F48600A1C86E /* Services.swift */ = {isa = PBXFileReference; lastKnownFileType = sourcecode.swift; path = Services.swift; sourceTree = "<group>"; };
		A0C0415F2605F52F00A1C86E /* ServicesCollectionViewCell.swift */ = {isa = PBXFileReference; lastKnownFileType = sourcecode.swift; path = ServicesCollectionViewCell.swift; sourceTree = "<group>"; };
/* End PBXFileReference section */

/* Begin PBXFrameworksBuildPhase section */
		A03974CE2605B6EF0005B555 /* Frameworks */ = {
			isa = PBXFrameworksBuildPhase;
			buildActionMask = 2147483647;
			files = (
			);
			runOnlyForDeploymentPostprocessing = 0;
		};
		A03974E42605B6F10005B555 /* Frameworks */ = {
			isa = PBXFrameworksBuildPhase;
			buildActionMask = 2147483647;
			files = (
			);
			runOnlyForDeploymentPostprocessing = 0;
		};
/* End PBXFrameworksBuildPhase section */

/* Begin PBXGroup section */
		A03974C82605B6EF0005B555 = {
			isa = PBXGroup;
			children = (
				A03974D32605B6EF0005B555 /* iflux */,
				A03974EA2605B6F10005B555 /* ifluxUITests */,
				A03974D22605B6EF0005B555 /* Products */,
			);
			sourceTree = "<group>";
		};
		A03974D22605B6EF0005B555 /* Products */ = {
			isa = PBXGroup;
			children = (
				A03974D12605B6EF0005B555 /* iflux.app */,
				A03974E72605B6F10005B555 /* ifluxUITests.xctest */,
			);
			name = Products;
			sourceTree = "<group>";
		};
		A03974D32605B6EF0005B555 /* iflux */ = {
			isa = PBXGroup;
			children = (
				A03974FF2605C2680005B555 /* extensions */,
				A03974FC2605C0DA0005B555 /* models */,
				A03974F62605BE180005B555 /* views */,
				A03974D42605B6EF0005B555 /* AppDelegate.swift */,
				A03974D62605B6EF0005B555 /* SceneDelegate.swift */,
				A03974DA2605B6EF0005B555 /* Main.storyboard */,
				A03974DD2605B6F10005B555 /* Assets.xcassets */,
				A03974DF2605B6F10005B555 /* LaunchScreen.storyboard */,
				A03974E22605B6F10005B555 /* Info.plist */,
			);
			path = iflux;
			sourceTree = "<group>";
		};
		A03974EA2605B6F10005B555 /* ifluxUITests */ = {
			isa = PBXGroup;
			children = (
				A03974EB2605B6F10005B555 /* ifluxUITests.swift */,
				A03974ED2605B6F10005B555 /* Info.plist */,
			);
			path = ifluxUITests;
			sourceTree = "<group>";
		};
		A03974F62605BE180005B555 /* views */ = {
			isa = PBXGroup;
			children = (
				A045C40F26061D3C00C024AB /* viewcontrollers */,
				A03974F72605BE300005B555 /* cells */,
			);
			path = views;
			sourceTree = "<group>";
		};
		A03974F72605BE300005B555 /* cells */ = {
			isa = PBXGroup;
			children = (
				A03974FA2605BECD0005B555 /* BalancesCollectionViewCell.swift */,
				A0C0415F2605F52F00A1C86E /* ServicesCollectionViewCell.swift */,
				A045C409260609B300C024AB /* TransactionsTableViewCell.swift */,
				A045C412260628E900C024AB /* CryptoWalletsTableViewCell.swift */,
			);
			path = cells;
			sourceTree = "<group>";
		};
		A03974FC2605C0DA0005B555 /* models */ = {
			isa = PBXGroup;
			children = (
				A03974FD2605C0F90005B555 /* Wallet.swift */,
				A0C0415D2605F48600A1C86E /* Services.swift */,
				A045C40B26060F3500C024AB /* Transactions.swift */,
				A045C4102606277800C024AB /* CryptoWallet.swift */,
			);
			path = models;
			sourceTree = "<group>";
		};
		A03974FF2605C2680005B555 /* extensions */ = {
			isa = PBXGroup;
			children = (
				A0C041592605E24F00A1C86E /* UIColor.swift */,
				A0C0415B2605F43100A1C86E /* UIView+Layer.swift */,
			);
			path = extensions;
			sourceTree = "<group>";
		};
		A045C40F26061D3C00C024AB /* viewcontrollers */ = {
			isa = PBXGroup;
			children = (
				A045C40D26061D1600C024AB /* WalletsViewController.swift */,
				A03974D82605B6EF0005B555 /* HomeViewController.swift */,
			);
			path = viewcontrollers;
			sourceTree = "<group>";
		};
/* End PBXGroup section */

/* Begin PBXNativeTarget section */
		A03974D02605B6EF0005B555 /* iflux */ = {
			isa = PBXNativeTarget;
			buildConfigurationList = A03974F02605B6F10005B555 /* Build configuration list for PBXNativeTarget "iflux" */;
			buildPhases = (
				A03974CD2605B6EF0005B555 /* Sources */,
				A03974CE2605B6EF0005B555 /* Frameworks */,
				A03974CF2605B6EF0005B555 /* Resources */,
			);
			buildRules = (
			);
			dependencies = (
			);
			name = iflux;
			productName = iflux;
			productReference = A03974D12605B6EF0005B555 /* iflux.app */;
			productType = "com.apple.product-type.application";
		};
		A03974E62605B6F10005B555 /* ifluxUITests */ = {
			isa = PBXNativeTarget;
			buildConfigurationList = A03974F32605B6F10005B555 /* Build configuration list for PBXNativeTarget "ifluxUITests" */;
			buildPhases = (
				A03974E32605B6F10005B555 /* Sources */,
				A03974E42605B6F10005B555 /* Frameworks */,
				A03974E52605B6F10005B555 /* Resources */,
			);
			buildRules = (
			);
			dependencies = (
				A03974E92605B6F10005B555 /* PBXTargetDependency */,
			);
			name = ifluxUITests;
			productName = ifluxUITests;
			productReference = A03974E72605B6F10005B555 /* ifluxUITests.xctest */;
			productType = "com.apple.product-type.bundle.ui-testing";
		};
/* End PBXNativeTarget section */

/* Begin PBXProject section */
		A03974C92605B6EF0005B555 /* Project object */ = {
			isa = PBXProject;
			attributes = {
				LastSwiftUpdateCheck = 1130;
				LastUpgradeCheck = 1130;
				ORGANIZATIONNAME = BGFS;
				TargetAttributes = {
					A03974D02605B6EF0005B555 = {
						CreatedOnToolsVersion = 11.3.1;
					};
					A03974E62605B6F10005B555 = {
						CreatedOnToolsVersion = 11.3.1;
						TestTargetID = A03974D02605B6EF0005B555;
					};
				};
			};
			buildConfigurationList = A03974CC2605B6EF0005B555 /* Build configuration list for PBXProject "iflux" */;
			compatibilityVersion = "Xcode 9.3";
			developmentRegion = en;
			hasScannedForEncodings = 0;
			knownRegions = (
				en,
				Base,
			);
			mainGroup = A03974C82605B6EF0005B555;
			productRefGroup = A03974D22605B6EF0005B555 /* Products */;
			projectDirPath = "";
			projectRoot = "";
			targets = (
				A03974D02605B6EF0005B555 /* iflux */,
				A03974E62605B6F10005B555 /* ifluxUITests */,
			);
		};
/* End PBXProject section */

/* Begin PBXResourcesBuildPhase section */
		A03974CF2605B6EF0005B555 /* Resources */ = {
			isa = PBXResourcesBuildPhase;
			buildActionMask = 2147483647;
			files = (
				A03974E12605B6F10005B555 /* LaunchScreen.storyboard in Resources */,
				A03974DE2605B6F10005B555 /* Assets.xcassets in Resources */,
				A03974DC2605B6EF0005B555 /* Main.storyboard in Resources */,
			);
			runOnlyForDeploymentPostprocessing = 0;
		};
		A03974E52605B6F10005B555 /* Resources */ = {
			isa = PBXResourcesBuildPhase;
			buildActionMask = 2147483647;
			files = (
			);
			runOnlyForDeploymentPostprocessing = 0;
		};
/* End PBXResourcesBuildPhase section */

/* Begin PBXSourcesBuildPhase section */
		A03974CD2605B6EF0005B555 /* Sources */ = {
			isa = PBXSourcesBuildPhase;
			buildActionMask = 2147483647;
			files = (
				A03974FE2605C0F90005B555 /* Wallet.swift in Sources */,
				A0C0415A2605E24F00A1C86E /* UIColor.swift in Sources */,
				A045C4112606277800C024AB /* CryptoWallet.swift in Sources */,
				A045C40A260609B300C024AB /* TransactionsTableViewCell.swift in Sources */,
				A03974D92605B6EF0005B555 /* HomeViewController.swift in Sources */,
				A03974D52605B6EF0005B555 /* AppDelegate.swift in Sources */,
				A045C40C26060F3500C024AB /* Transactions.swift in Sources */,
				A03974FB2605BECD0005B555 /* BalancesCollectionViewCell.swift in Sources */,
				A0C0415E2605F48600A1C86E /* Services.swift in Sources */,
				A0C041602605F52F00A1C86E /* ServicesCollectionViewCell.swift in Sources */,
				A045C413260628E900C024AB /* CryptoWalletsTableViewCell.swift in Sources */,
				A045C40E26061D1600C024AB /* WalletsViewController.swift in Sources */,
				A03974D72605B6EF0005B555 /* SceneDelegate.swift in Sources */,
				A0C0415C2605F43100A1C86E /* UIView+Layer.swift in Sources */,
			);
			runOnlyForDeploymentPostprocessing = 0;
		};
		A03974E32605B6F10005B555 /* Sources */ = {
			isa = PBXSourcesBuildPhase;
			buildActionMask = 2147483647;
			files = (
				A03974EC2605B6F10005B555 /* ifluxUITests.swift in Sources */,
			);
			runOnlyForDeploymentPostprocessing = 0;
		};
/* End PBXSourcesBuildPhase section */

/* Begin PBXTargetDependency section */
		A03974E92605B6F10005B555 /* PBXTargetDependency */ = {
			isa = PBXTargetDependency;
			target = A03974D02605B6EF0005B555 /* iflux */;
			targetProxy = A03974E82605B6F10005B555 /* PBXContainerItemProxy */;
		};
/* End PBXTargetDependency section */

/* Begin PBXVariantGroup section */
		A03974DA2605B6EF0005B555 /* Main.storyboard */ = {
			isa = PBXVariantGroup;
			children = (
				A03974DB2605B6EF0005B555 /* Base */,
			);
			name = Main.storyboard;
			sourceTree = "<group>";
		};
		A03974DF2605B6F10005B555 /* LaunchScreen.storyboard */ = {
			isa = PBXVariantGroup;
			children = (
				A03974E02605B6F10005B555 /* Base */,
			);
			name = LaunchScreen.storyboard;
			sourceTree = "<group>";
		};
/* End PBXVariantGroup section */

/* Begin XCBuildConfiguration section */
		A03974EE2605B6F10005B555 /* Debug */ = {
			isa = XCBuildConfiguration;
			buildSettings = {
				ALWAYS_SEARCH_USER_PATHS = NO;
				CLANG_ANALYZER_NONNULL = YES;
				CLANG_ANALYZER_NUMBER_OBJECT_CONVERSION = YES_AGGRESSIVE;
				CLANG_CXX_LANGUAGE_STANDARD = "gnu++14";
				CLANG_CXX_LIBRARY = "libc++";
				CLANG_ENABLE_MODULES = YES;
				CLANG_ENABLE_OBJC_ARC = YES;
				CLANG_ENABLE_OBJC_WEAK = YES;
				CLANG_WARN_BLOCK_CAPTURE_AUTORELEASING = YES;
				CLANG_WARN_BOOL_CONVERSION = YES;
				CLANG_WARN_COMMA = YES;
				CLANG_WARN_CONSTANT_CONVERSION = YES;
				CLANG_WARN_DEPRECATED_OBJC_IMPLEMENTATIONS = YES;
				CLANG_WARN_DIRECT_OBJC_ISA_USAGE = YES_ERROR;
				CLANG_WARN_DOCUMENTATION_COMMENTS = YES;
				CLANG_WARN_EMPTY_BODY = YES;
				CLANG_WARN_ENUM_CONVERSION = YES;
				CLANG_WARN_INFINITE_RECURSION = YES;
				CLANG_WARN_INT_CONVERSION = YES;
				CLANG_WARN_NON_LITERAL_NULL_CONVERSION = YES;
				CLANG_WARN_OBJC_IMPLICIT_RETAIN_SELF = YES;
				CLANG_WARN_OBJC_LITERAL_CONVERSION = YES;
				CLANG_WARN_OBJC_ROOT_CLASS = YES_ERROR;
				CLANG_WARN_RANGE_LOOP_ANALYSIS = YES;
				CLANG_WARN_STRICT_PROTOTYPES = YES;
				CLANG_WARN_SUSPICIOUS_MOVE = YES;
				CLANG_WARN_UNGUARDED_AVAILABILITY = YES_AGGRESSIVE;
				CLANG_WARN_UNREACHABLE_CODE = YES;
				CLANG_WARN__DUPLICATE_METHOD_MATCH = YES;
				COPY_PHASE_STRIP = NO;
				DEBUG_INFORMATION_FORMAT = dwarf;
				ENABLE_STRICT_OBJC_MSGSEND = YES;
				ENABLE_TESTABILITY = YES;
				GCC_C_LANGUAGE_STANDARD = gnu11;
				GCC_DYNAMIC_NO_PIC = NO;
				GCC_NO_COMMON_BLOCKS = YES;
				GCC_OPTIMIZATION_LEVEL = 0;
				GCC_PREPROCESSOR_DEFINITIONS = (
					"DEBUG=1",
					"$(inherited)",
				);
				GCC_WARN_64_TO_32_BIT_CONVERSION = YES;
				GCC_WARN_ABOUT_RETURN_TYPE = YES_ERROR;
				GCC_WARN_UNDECLARED_SELECTOR = YES;
				GCC_WARN_UNINITIALIZED_AUTOS = YES_AGGRESSIVE;
				GCC_WARN_UNUSED_FUNCTION = YES;
				GCC_WARN_UNUSED_VARIABLE = YES;
				IPHONEOS_DEPLOYMENT_TARGET = 13.2;
				MTL_ENABLE_DEBUG_INFO = INCLUDE_SOURCE;
				MTL_FAST_MATH = YES;
				ONLY_ACTIVE_ARCH = YES;
				SDKROOT = iphoneos;
				SWIFT_ACTIVE_COMPILATION_CONDITIONS = DEBUG;
				SWIFT_OPTIMIZATION_LEVEL = "-Onone";
			};
			name = Debug;
		};
		A03974EF2605B6F10005B555 /* Release */ = {
			isa = XCBuildConfiguration;
			buildSettings = {
				ALWAYS_SEARCH_USER_PATHS = NO;
				CLANG_ANALYZER_NONNULL = YES;
				CLANG_ANALYZER_NUMBER_OBJECT_CONVERSION = YES_AGGRESSIVE;
				CLANG_CXX_LANGUAGE_STANDARD = "gnu++14";
				CLANG_CXX_LIBRARY = "libc++";
				CLANG_ENABLE_MODULES = YES;
				CLANG_ENABLE_OBJC_ARC = YES;
				CLANG_ENABLE_OBJC_WEAK = YES;
				CLANG_WARN_BLOCK_CAPTURE_AUTORELEASING = YES;
				CLANG_WARN_BOOL_CONVERSION = YES;
				CLANG_WARN_COMMA = YES;
				CLANG_WARN_CONSTANT_CONVERSION = YES;
				CLANG_WARN_DEPRECATED_OBJC_IMPLEMENTATIONS = YES;
				CLANG_WARN_DIRECT_OBJC_ISA_USAGE = YES_ERROR;
				CLANG_WARN_DOCUMENTATION_COMMENTS = YES;
				CLANG_WARN_EMPTY_BODY = YES;
				CLANG_WARN_ENUM_CONVERSION = YES;
				CLANG_WARN_INFINITE_RECURSION = YES;
				CLANG_WARN_INT_CONVERSION = YES;
				CLANG_WARN_NON_LITERAL_NULL_CONVERSION = YES;
				CLANG_WARN_OBJC_IMPLICIT_RETAIN_SELF = YES;
				CLANG_WARN_OBJC_LITERAL_CONVERSION = YES;
				CLANG_WARN_OBJC_ROOT_CLASS = YES_ERROR;
				CLANG_WARN_RANGE_LOOP_ANALYSIS = YES;
				CLANG_WARN_STRICT_PROTOTYPES = YES;
				CLANG_WARN_SUSPICIOUS_MOVE = YES;
				CLANG_WARN_UNGUARDED_AVAILABILITY = YES_AGGRESSIVE;
				CLANG_WARN_UNREACHABLE_CODE = YES;
				CLANG_WARN__DUPLICATE_METHOD_MATCH = YES;
				COPY_PHASE_STRIP = NO;
				DEBUG_INFORMATION_FORMAT = "dwarf-with-dsym";
				ENABLE_NS_ASSERTIONS = NO;
				ENABLE_STRICT_OBJC_MSGSEND = YES;
				GCC_C_LANGUAGE_STANDARD = gnu11;
				GCC_NO_COMMON_BLOCKS = YES;
				GCC_WARN_64_TO_32_BIT_CONVERSION = YES;
				GCC_WARN_ABOUT_RETURN_TYPE = YES_ERROR;
				GCC_WARN_UNDECLARED_SELECTOR = YES;
				GCC_WARN_UNINITIALIZED_AUTOS = YES_AGGRESSIVE;
				GCC_WARN_UNUSED_FUNCTION = YES;
				GCC_WARN_UNUSED_VARIABLE = YES;
				IPHONEOS_DEPLOYMENT_TARGET = 13.2;
				MTL_ENABLE_DEBUG_INFO = NO;
				MTL_FAST_MATH = YES;
				SDKROOT = iphoneos;
				SWIFT_COMPILATION_MODE = wholemodule;
				SWIFT_OPTIMIZATION_LEVEL = "-O";
				VALIDATE_PRODUCT = YES;
			};
			name = Release;
		};
		A03974F12605B6F10005B555 /* Debug */ = {
			isa = XCBuildConfiguration;
			buildSettings = {
				ASSETCATALOG_COMPILER_APPICON_NAME = AppIcon;
				CODE_SIGN_STYLE = Automatic;
				INFOPLIST_FILE = iflux/Info.plist;
				LD_RUNPATH_SEARCH_PATHS = (
					"$(inherited)",
					"@executable_path/Frameworks",
				);
				PRODUCT_BUNDLE_IDENTIFIER = com.iflux.app.iflux;
				PRODUCT_NAME = "$(TARGET_NAME)";
				SWIFT_VERSION = 5.0;
				TARGETED_DEVICE_FAMILY = "1,2";
			};
			name = Debug;
		};
		A03974F22605B6F10005B555 /* Release */ = {
			isa = XCBuildConfiguration;
			buildSettings = {
				ASSETCATALOG_COMPILER_APPICON_NAME = AppIcon;
				CODE_SIGN_STYLE = Automatic;
				INFOPLIST_FILE = iflux/Info.plist;
				LD_RUNPATH_SEARCH_PATHS = (
					"$(inherited)",
					"@executable_path/Frameworks",
				);
				PRODUCT_BUNDLE_IDENTIFIER = com.iflux.app.iflux;
				PRODUCT_NAME = "$(TARGET_NAME)";
				SWIFT_VERSION = 5.0;
				TARGETED_DEVICE_FAMILY = "1,2";
			};
			name = Release;
		};
		A03974F42605B6F10005B555 /* Debug */ = {
			isa = XCBuildConfiguration;
			buildSettings = {
				ALWAYS_EMBED_SWIFT_STANDARD_LIBRARIES = YES;
				CODE_SIGN_STYLE = Automatic;
				INFOPLIST_FILE = ifluxUITests/Info.plist;
				LD_RUNPATH_SEARCH_PATHS = (
					"$(inherited)",
					"@executable_path/Frameworks",
					"@loader_path/Frameworks",
				);
				PRODUCT_BUNDLE_IDENTIFIER = com.iflux.app.ifluxUITests;
				PRODUCT_NAME = "$(TARGET_NAME)";
				SWIFT_VERSION = 5.0;
				TARGETED_DEVICE_FAMILY = "1,2";
				TEST_TARGET_NAME = iflux;
			};
			name = Debug;
		};
		A03974F52605B6F10005B555 /* Release */ = {
			isa = XCBuildConfiguration;
			buildSettings = {
				ALWAYS_EMBED_SWIFT_STANDARD_LIBRARIES = YES;
				CODE_SIGN_STYLE = Automatic;
				INFOPLIST_FILE = ifluxUITests/Info.plist;
				LD_RUNPATH_SEARCH_PATHS = (
					"$(inherited)",
					"@executable_path/Frameworks",
					"@loader_path/Frameworks",
				);
				PRODUCT_BUNDLE_IDENTIFIER = com.iflux.app.ifluxUITests;
				PRODUCT_NAME = "$(TARGET_NAME)";
				SWIFT_VERSION = 5.0;
				TARGETED_DEVICE_FAMILY = "1,2";
				TEST_TARGET_NAME = iflux;
			};
			name = Release;
		};
/* End XCBuildConfiguration section */

/* Begin XCConfigurationList section */
		A03974CC2605B6EF0005B555 /* Build configuration list for PBXProject "iflux" */ = {
			isa = XCConfigurationList;
			buildConfigurations = (
				A03974EE2605B6F10005B555 /* Debug */,
				A03974EF2605B6F10005B555 /* Release */,
			);
			defaultConfigurationIsVisible = 0;
			defaultConfigurationName = Release;
		};
		A03974F02605B6F10005B555 /* Build configuration list for PBXNativeTarget "iflux" */ = {
			isa = XCConfigurationList;
			buildConfigurations = (
				A03974F12605B6F10005B555 /* Debug */,
				A03974F22605B6F10005B555 /* Release */,
			);
			defaultConfigurationIsVisible = 0;
			defaultConfigurationName = Release;
		};
		A03974F32605B6F10005B555 /* Build configuration list for PBXNativeTarget "ifluxUITests" */ = {
			isa = XCConfigurationList;
			buildConfigurations = (
				A03974F42605B6F10005B555 /* Debug */,
				A03974F52605B6F10005B555 /* Release */,
			);
			defaultConfigurationIsVisible = 0;
			defaultConfigurationName = Release;
		};
/* End XCConfigurationList section */
	};
	rootObject = A03974C92605B6EF0005B555 /* Project object */;
}
